
Microsoft Visual Studio Solution File, Format Version 12.00
# Visual Studio Version 16
VisualStudioVersion = 16.0.29319.158
MinimumVisualStudioVersion = 10.0.40219.1
Project("{9A19103F-16F7-4668-BE54-9A1E7A4F7556}") = "Bemusilization", "Bemusilization\Bemusilization.csproj", "{DD4237B2-BFD3-472A-AB08-04FD0E731F04}"
EndProject
Project("{9A19103F-16F7-4668-BE54-9A1E7A4F7556}") = "BmsPreviewAudioGenerator", "BmsPreviewAudioGenerator\BmsPreviewAudioGenerator.csproj", "{6D3B5CA9-A328-46CB-A534-38166700EEFE}"
EndProject
Global
	GlobalSection(SolutionConfigurationPlatforms) = preSolution
		Debug|Any CPU = Debug|Any CPU
		Debug|x86 = Debug|x86
		Release|Any CPU = Release|Any CPU
		Release|x86 = Release|x86
	EndGlobalSection
	GlobalSection(ProjectConfigurationPlatforms) = postSolution
		{DD4237B2-BFD3-472A-AB08-04FD0E731F04}.Debug|Any CPU.ActiveCfg = Debug|Any CPU
		{DD4237B2-BFD3-472A-AB08-04FD0E731F04}.Debug|Any CPU.Build.0 = Debug|Any CPU
		{DD4237B2-BFD3-472A-AB08-04FD0E731F04}.Debug|x86.ActiveCfg = Debug|Any CPU
		{DD4237B2-BFD3-472A-AB08-04FD0E731F04}.Debug|x86.Build.0 = Debug|Any CPU
		{DD4237B2-BFD3-472A-AB08-04FD0E731F04}.Release|Any CPU.ActiveCfg = Release|Any CPU
		{DD4237B2-BFD3-472A-AB08-04FD0E731F04}.Release|Any CPU.Build.0 = Release|Any CPU
		{DD4237B2-BFD3-472A-AB08-04FD0E731F04}.Release|x86.ActiveCfg = Release|Any CPU
		{DD4237B2-BFD3-472A-AB08-04FD0E731F04}.Release|x86.Build.0 = Release|Any CPU
		{6D3B5CA9-A328-46CB-A534-38166700EEFE}.Debug|Any CPU.ActiveCfg = Debug|Any CPU
		{6D3B5CA9-A328-46CB-A534-38166700EEFE}.Debug|Any CPU.Build.0 = Debug|Any CPU
		{6D3B5CA9-A328-46CB-A534-38166700EEFE}.Debug|x86.ActiveCfg = Debug|x86
		{6D3B5CA9-A328-46CB-A534-38166700EEFE}.Debug|x86.Build.0 = Debug|x86
		{6D3B5CA9-A328-46CB-A534-38166700EEFE}.Release|Any CPU.ActiveCfg = Release|Any CPU
		{6D3B5CA9-A328-46CB-A534-38166700EEFE}.Release|Any CPU.Build.0 = Release|Any CPU
		{6D3B5CA9-A328-46CB-A534-38166700EEFE}.Release|x86.ActiveCfg = Release|x86
		{6D3B5CA9-A328-46CB-A534-38166700EEFE}.Release|x86.Build.0 = Release|x86
	EndGlobalSection
	GlobalSection(SolutionProperties) = preSolution
		HideSolutionNode = FALSE
	EndGlobalSection
	GlobalSection(ExtensibilityGlobals) = postSolution
		SolutionGuid = {55AC348F-EA08-4145-AAFF-0808ED1B7722}
	EndGlobalSection
EndGlobal
